
Microsoft Visual Studio Solution File, Format Version 12.00
# Visual Studio Version 17
VisualStudioVersion = 17.5.33424.131
MinimumVisualStudioVersion = 10.0.40219.1
Project("{FAE04EC0-301F-11D3-BF4B-00C04F79EFBC}") = "ChatAppMVC", "ChatAppMVC.csproj", "{CFB38824-F093-4D7B-9685-A9D634DBB33A}"
EndProject
Global
	GlobalSection(SolutionConfigurationPlatforms) = preSolution
		Debug|Any CPU = Debug|Any CPU
		Release|Any CPU = Release|Any CPU
	EndGlobalSection
	GlobalSection(ProjectConfigurationPlatforms) = postSolution
		{CFB38824-F093-4D7B-9685-A9D634DBB33A}.Debug|Any CPU.ActiveCfg = Debug|Any CPU
		{CFB38824-F093-4D7B-9685-A9D634DBB33A}.Debug|Any CPU.Build.0 = Debug|Any CPU
		{CFB38824-F093-4D7B-9685-A9D634DBB33A}.Release|Any CPU.ActiveCfg = Release|Any CPU
		{CFB38824-F093-4D7B-9685-A9D634DBB33A}.Release|Any CPU.Build.0 = Release|Any CPU
	EndGlobalSection
	GlobalSection(SolutionProperties) = preSolution
		HideSolutionNode = FALSE
	EndGlobalSection
	GlobalSection(ExtensibilityGlobals) = postSolution
		SolutionGuid = {A56C75FE-F749-4F4A-8836-D743A761E1A0}
	EndGlobalSection
EndGlobal
